
Microsoft Visual Studio Solution File, Format Version 12.00
# Visual Studio Version 16
VisualStudioVersion = 16.0.31911.196
MinimumVisualStudioVersion = 10.0.40219.1
Project("{FAE04EC0-301F-11D3-BF4B-00C04F79EFBC}") = "Product_Review_Management_Using_LINQ", "Product_Review_Management_Using_LINQ\Product_Review_Management_Using_LINQ.csproj", "{23071E5C-FC21-4F4F-95BD-F5F573F98A56}"
EndProject
Global
	GlobalSection(SolutionConfigurationPlatforms) = preSolution
		Debug|Any CPU = Debug|Any CPU
		Release|Any CPU = Release|Any CPU
	EndGlobalSection
	GlobalSection(ProjectConfigurationPlatforms) = postSolution
		{23071E5C-FC21-4F4F-95BD-F5F573F98A56}.Debug|Any CPU.ActiveCfg = Debug|Any CPU
		{23071E5C-FC21-4F4F-95BD-F5F573F98A56}.Debug|Any CPU.Build.0 = Debug|Any CPU
		{23071E5C-FC21-4F4F-95BD-F5F573F98A56}.Release|Any CPU.ActiveCfg = Release|Any CPU
		{23071E5C-FC21-4F4F-95BD-F5F573F98A56}.Release|Any CPU.Build.0 = Release|Any CPU
	EndGlobalSection
	GlobalSection(SolutionProperties) = preSolution
		HideSolutionNode = FALSE
	EndGlobalSection
	GlobalSection(ExtensibilityGlobals) = postSolution
		SolutionGuid = {0E935453-ADCF-4FFF-88C8-3FDA0EA1FEB0}
	EndGlobalSection
EndGlobal
